
Microsoft Visual Studio Solution File, Format Version 12.00
# Visual Studio Version 17
VisualStudioVersion = 17.0.31912.275
MinimumVisualStudioVersion = 10.0.40219.1
Project("{9A19103F-16F7-4668-BE54-9A1E7A4F7556}") = "BankEmprestimoConsignado", "BankEmprestimoConsignado\BankEmprestimoConsignado.csproj", "{35215ADD-EA09-4D41-AE7C-FF6FDAC95BC2}"
EndProject
Project("{FAE04EC0-301F-11D3-BF4B-00C04F79EFBC}") = "API_BankEmprestimoConsignado", "API_BankEmprestimoConsignado\API_BankEmprestimoConsignado.csproj", "{A1AD009A-54F6-4E28-8213-686F72F683C8}"
EndProject
Global
	GlobalSection(SolutionConfigurationPlatforms) = preSolution
		Debug|Any CPU = Debug|Any CPU
		Release|Any CPU = Release|Any CPU
	EndGlobalSection
	GlobalSection(ProjectConfigurationPlatforms) = postSolution
		{35215ADD-EA09-4D41-AE7C-FF6FDAC95BC2}.Debug|Any CPU.ActiveCfg = Debug|Any CPU
		{35215ADD-EA09-4D41-AE7C-FF6FDAC95BC2}.Debug|Any CPU.Build.0 = Debug|Any CPU
		{35215ADD-EA09-4D41-AE7C-FF6FDAC95BC2}.Release|Any CPU.ActiveCfg = Release|Any CPU
		{35215ADD-EA09-4D41-AE7C-FF6FDAC95BC2}.Release|Any CPU.Build.0 = Release|Any CPU
		{A1AD009A-54F6-4E28-8213-686F72F683C8}.Debug|Any CPU.ActiveCfg = Debug|Any CPU
		{A1AD009A-54F6-4E28-8213-686F72F683C8}.Debug|Any CPU.Build.0 = Debug|Any CPU
		{A1AD009A-54F6-4E28-8213-686F72F683C8}.Release|Any CPU.ActiveCfg = Release|Any CPU
		{A1AD009A-54F6-4E28-8213-686F72F683C8}.Release|Any CPU.Build.0 = Release|Any CPU
	EndGlobalSection
	GlobalSection(SolutionProperties) = preSolution
		HideSolutionNode = FALSE
	EndGlobalSection
	GlobalSection(ExtensibilityGlobals) = postSolution
		SolutionGuid = {114C0CD8-89F2-4048-A3E9-6A105C113C6D}
	EndGlobalSection
EndGlobal
